// !$*UTF8*$!
{
	archiveVersion = 1;
	classes = {
	};
	objectVersion = 46;
	objects = {

/* Begin PBXBuildFile section */
		002C43F71D6C444000EE363D /* main.m in Sources */ = {isa = PBXBuildFile; fileRef = 002C43F61D6C444000EE363D /* main.m */; };
		002C43FA1D6C444000EE363D /* AppDelegate.m in Sources */ = {isa = PBXBuildFile; fileRef = 002C43F91D6C444000EE363D /* AppDelegate.m */; };
		002C43FD1D6C444000EE363D /* ViewController.m in Sources */ = {isa = PBXBuildFile; fileRef = 002C43FC1D6C444000EE363D /* ViewController.m */; };
		002C44001D6C444000EE363D /* Main.storyboard in Resources */ = {isa = PBXBuildFile; fileRef = 002C43FE1D6C444000EE363D /* Main.storyboard */; };
		002C44021D6C444000EE363D /* Assets.xcassets in Resources */ = {isa = PBXBuildFile; fileRef = 002C44011D6C444000EE363D /* Assets.xcassets */; };
		002C44051D6C444000EE363D /* LaunchScreen.storyboard in Resources */ = {isa = PBXBuildFile; fileRef = 002C44031D6C444000EE363D /* LaunchScreen.storyboard */; };
		002C440F1D6C47BA00EE363D /* 1.jpg in Resources */ = {isa = PBXBuildFile; fileRef = 002C440E1D6C47BA00EE363D /* 1.jpg */; };
		002C44111D6C4A5E00EE363D /* 2.jpg in Resources */ = {isa = PBXBuildFile; fileRef = 002C44101D6C4A5E00EE363D /* 2.jpg */; };
		002C44141D6C4AA300EE363D /* CombineImage.m in Sources */ = {isa = PBXBuildFile; fileRef = 002C44131D6C4AA300EE363D /* CombineImage.m */; };
		002C44171D6C4EB100EE363D /* ClipImage.m in Sources */ = {isa = PBXBuildFile; fileRef = 002C44161D6C4EB100EE363D /* ClipImage.m */; };
		00F917F91D6D3E5E005D58E2 /* PartWithBeeline.m in Sources */ = {isa = PBXBuildFile; fileRef = 00F917F81D6D3E5E005D58E2 /* PartWithBeeline.m */; };
		00F917FC1D6D4E37005D58E2 /* CurvePart.m in Sources */ = {isa = PBXBuildFile; fileRef = 00F917FB1D6D4E37005D58E2 /* CurvePart.m */; };
		00F917FF1D6D7704005D58E2 /* ScrollScale.m in Sources */ = {isa = PBXBuildFile; fileRef = 00F917FE1D6D7704005D58E2 /* ScrollScale.m */; };
		00F918021D6D7A16005D58E2 /* PinScale.m in Sources */ = {isa = PBXBuildFile; fileRef = 00F918011D6D7A16005D58E2 /* PinScale.m */; };
		00F918051D6D814F005D58E2 /* IrregularClip.m in Sources */ = {isa = PBXBuildFile; fileRef = 00F918041D6D814F005D58E2 /* IrregularClip.m */; };
/* End PBXBuildFile section */

/* Begin PBXFileReference section */
		002C43F21D6C444000EE363D /* CCPImage.app */ = {isa = PBXFileReference; explicitFileType = wrapper.application; includeInIndex = 0; path = CCPImage.app; sourceTree = BUILT_PRODUCTS_DIR; };
		002C43F61D6C444000EE363D /* main.m */ = {isa = PBXFileReference; lastKnownFileType = sourcecode.c.objc; path = main.m; sourceTree = "<group>"; };
		002C43F81D6C444000EE363D /* AppDelegate.h */ = {isa = PBXFileReference; lastKnownFileType = sourcecode.c.h; path = AppDelegate.h; sourceTree = "<group>"; };
		002C43F91D6C444000EE363D /* AppDelegate.m */ = {isa = PBXFileReference; lastKnownFileType = sourcecode.c.objc; path = AppDelegate.m; sourceTree = "<group>"; };
		002C43FB1D6C444000EE363D /* ViewController.h */ = {isa = PBXFileReference; lastKnownFileType = sourcecode.c.h; path = ViewController.h; sourceTree = "<group>"; };
		002C43FC1D6C444000EE363D /* ViewController.m */ = {isa = PBXFileReference; lastKnownFileType = sourcecode.c.objc; path = ViewController.m; sourceTree = "<group>"; };
		002C43FF1D6C444000EE363D /* Base */ = {isa = PBXFileReference; lastKnownFileType = file.storyboard; name = Base; path = Base.lproj/Main.storyboard; sourceTree = "<group>"; };
		002C44011D6C444000EE363D /* Assets.xcassets */ = {isa = PBXFileReference; lastKnownFileType = folder.assetcatalog; path = Assets.xcassets; sourceTree = "<group>"; };
		002C44041D6C444000EE363D /* Base */ = {isa = PBXFileReference; lastKnownFileType = file.storyboard; name = Base; path = Base.lproj/LaunchScreen.storyboard; sourceTree = "<group>"; };
		002C44061D6C444000EE363D /* Info.plist */ = {isa = PBXFileReference; lastKnownFileType = text.plist.xml; path = Info.plist; sourceTree = "<group>"; };
		002C440E1D6C47BA00EE363D /* 1.jpg */ = {isa = PBXFileReference; lastKnownFileType = image.jpeg; path = 1.jpg; sourceTree = "<group>"; };
		002C44101D6C4A5E00EE363D /* 2.jpg */ = {isa = PBXFileReference; lastKnownFileType = image.jpeg; path = 2.jpg; sourceTree = "<group>"; };
		002C44121D6C4AA300EE363D /* CombineImage.h */ = {isa = PBXFileReference; fileEncoding = 4; lastKnownFileType = sourcecode.c.h; path = CombineImage.h; sourceTree = "<group>"; };
		002C44131D6C4AA300EE363D /* CombineImage.m */ = {isa = PBXFileReference; fileEncoding = 4; lastKnownFileType = sourcecode.c.objc; path = CombineImage.m; sourceTree = "<group>"; };
		002C44151D6C4EB100EE363D /* ClipImage.h */ = {isa = PBXFileReference; fileEncoding = 4; lastKnownFileType = sourcecode.c.h; path = ClipImage.h; sourceTree = "<group>"; };
		002C44161D6C4EB100EE363D /* ClipImage.m */ = {isa = PBXFileReference; fileEncoding = 4; lastKnownFileType = sourcecode.c.objc; path = ClipImage.m; sourceTree = "<group>"; };
		00F917F71D6D3E5D005D58E2 /* PartWithBeeline.h */ = {isa = PBXFileReference; fileEncoding = 4; lastKnownFileType = sourcecode.c.h; path = PartWithBeeline.h; sourceTree = "<group>"; };
		00F917F81D6D3E5E005D58E2 /* PartWithBeeline.m */ = {isa = PBXFileReference; fileEncoding = 4; lastKnownFileType = sourcecode.c.objc; path = PartWithBeeline.m; sourceTree = "<group>"; };
		00F917FA1D6D4E37005D58E2 /* CurvePart.h */ = {isa = PBXFileReference; fileEncoding = 4; lastKnownFileType = sourcecode.c.h; path = CurvePart.h; sourceTree = "<group>"; };
		00F917FB1D6D4E37005D58E2 /* CurvePart.m */ = {isa = PBXFileReference; fileEncoding = 4; lastKnownFileType = sourcecode.c.objc; path = CurvePart.m; sourceTree = "<group>"; };
		00F917FD1D6D7704005D58E2 /* ScrollScale.h */ = {isa = PBXFileReference; fileEncoding = 4; lastKnownFileType = sourcecode.c.h; path = ScrollScale.h; sourceTree = "<group>"; };
		00F917FE1D6D7704005D58E2 /* ScrollScale.m */ = {isa = PBXFileReference; fileEncoding = 4; lastKnownFileType = sourcecode.c.objc; path = ScrollScale.m; sourceTree = "<group>"; };
		00F918001D6D7A16005D58E2 /* PinScale.h */ = {isa = PBXFileReference; fileEncoding = 4; lastKnownFileType = sourcecode.c.h; path = PinScale.h; sourceTree = "<group>"; };
		00F918011D6D7A16005D58E2 /* PinScale.m */ = {isa = PBXFileReference; fileEncoding = 4; lastKnownFileType = sourcecode.c.objc; path = PinScale.m; sourceTree = "<group>"; };
		00F918031D6D814F005D58E2 /* IrregularClip.h */ = {isa = PBXFileReference; fileEncoding = 4; lastKnownFileType = sourcecode.c.h; path = IrregularClip.h; sourceTree = "<group>"; };
		00F918041D6D814F005D58E2 /* IrregularClip.m */ = {isa = PBXFileReference; fileEncoding = 4; lastKnownFileType = sourcecode.c.objc; path = IrregularClip.m; sourceTree = "<group>"; };
/* End PBXFileReference section */

/* Begin PBXFrameworksBuildPhase section */
		002C43EF1D6C444000EE363D /* Frameworks */ = {
			isa = PBXFrameworksBuildPhase;
			buildActionMask = 2147483647;
			files = (
			);
			runOnlyForDeploymentPostprocessing = 0;
		};
/* End PBXFrameworksBuildPhase section */

/* Begin PBXGroup section */
		002C43E91D6C444000EE363D = {
			isa = PBXGroup;
			children = (
				002C43F41D6C444000EE363D /* CCPImage */,
				002C43F31D6C444000EE363D /* Products */,
			);
			sourceTree = "<group>";
		};
		002C43F31D6C444000EE363D /* Products */ = {
			isa = PBXGroup;
			children = (
				002C43F21D6C444000EE363D /* CCPImage.app */,
			);
			name = Products;
			sourceTree = "<group>";
		};
		002C43F41D6C444000EE363D /* CCPImage */ = {
			isa = PBXGroup;
			children = (
				002C43F81D6C444000EE363D /* AppDelegate.h */,
				002C43F91D6C444000EE363D /* AppDelegate.m */,
				002C43FB1D6C444000EE363D /* ViewController.h */,
				002C43FC1D6C444000EE363D /* ViewController.m */,
				002C44121D6C4AA300EE363D /* CombineImage.h */,
				002C44131D6C4AA300EE363D /* CombineImage.m */,
				002C44151D6C4EB100EE363D /* ClipImage.h */,
				002C44161D6C4EB100EE363D /* ClipImage.m */,
				00F917F71D6D3E5D005D58E2 /* PartWithBeeline.h */,
				00F917F81D6D3E5E005D58E2 /* PartWithBeeline.m */,
				00F917FA1D6D4E37005D58E2 /* CurvePart.h */,
				00F917FB1D6D4E37005D58E2 /* CurvePart.m */,
				00F917FD1D6D7704005D58E2 /* ScrollScale.h */,
				00F917FE1D6D7704005D58E2 /* ScrollScale.m */,
				00F918001D6D7A16005D58E2 /* PinScale.h */,
				00F918011D6D7A16005D58E2 /* PinScale.m */,
				00F918031D6D814F005D58E2 /* IrregularClip.h */,
				00F918041D6D814F005D58E2 /* IrregularClip.m */,
				002C43FE1D6C444000EE363D /* Main.storyboard */,
				002C44011D6C444000EE363D /* Assets.xcassets */,
				002C44031D6C444000EE363D /* LaunchScreen.storyboard */,
				002C44061D6C444000EE363D /* Info.plist */,
				002C43F51D6C444000EE363D /* Supporting Files */,
			);
			path = CCPImage;
			sourceTree = "<group>";
		};
		002C43F51D6C444000EE363D /* Supporting Files */ = {
			isa = PBXGroup;
			children = (
				002C440E1D6C47BA00EE363D /* 1.jpg */,
				002C44101D6C4A5E00EE363D /* 2.jpg */,
				002C43F61D6C444000EE363D /* main.m */,
			);
			name = "Supporting Files";
			sourceTree = "<group>";
		};
/* End PBXGroup section */

/* Begin PBXNativeTarget section */
		002C43F11D6C444000EE363D /* CCPImage */ = {
			isa = PBXNativeTarget;
			buildConfigurationList = 002C44091D6C444000EE363D /* Build configuration list for PBXNativeTarget "CCPImage" */;
			buildPhases = (
				002C43EE1D6C444000EE363D /* Sources */,
				002C43EF1D6C444000EE363D /* Frameworks */,
				002C43F01D6C444000EE363D /* Resources */,
			);
			buildRules = (
			);
			dependencies = (
			);
			name = CCPImage;
			productName = CCPImage;
			productReference = 002C43F21D6C444000EE363D /* CCPImage.app */;
			productType = "com.apple.product-type.application";
		};
/* End PBXNativeTarget section */

/* Begin PBXProject section */
		002C43EA1D6C444000EE363D /* Project object */ = {
			isa = PBXProject;
			attributes = {
				LastUpgradeCheck = 0730;
				ORGANIZATIONNAME = chuchengpeng;
				TargetAttributes = {
					002C43F11D6C444000EE363D = {
						CreatedOnToolsVersion = 7.3;
					};
				};
			};
			buildConfigurationList = 002C43ED1D6C444000EE363D /* Build configuration list for PBXProject "CCPImage" */;
			compatibilityVersion = "Xcode 3.2";
			developmentRegion = English;
			hasScannedForEncodings = 0;
			knownRegions = (
				en,
				Base,
			);
			mainGroup = 002C43E91D6C444000EE363D;
			productRefGroup = 002C43F31D6C444000EE363D /* Products */;
			projectDirPath = "";
			projectRoot = "";
			targets = (
				002C43F11D6C444000EE363D /* CCPImage */,
			);
		};
/* End PBXProject section */

/* Begin PBXResourcesBuildPhase section */
		002C43F01D6C444000EE363D /* Resources */ = {
			isa = PBXResourcesBuildPhase;
			buildActionMask = 2147483647;
			files = (
				002C44051D6C444000EE363D /* LaunchScreen.storyboard in Resources */,
				002C44021D6C444000EE363D /* Assets.xcassets in Resources */,
				002C44111D6C4A5E00EE363D /* 2.jpg in Resources */,
				002C44001D6C444000EE363D /* Main.storyboard in Resources */,
				002C440F1D6C47BA00EE363D /* 1.jpg in Resources */,
			);
			runOnlyForDeploymentPostprocessing = 0;
		};
/* End PBXResourcesBuildPhase section */

/* Begin PBXSourcesBuildPhase section */
		002C43EE1D6C444000EE363D /* Sources */ = {
			isa = PBXSourcesBuildPhase;
			buildActionMask = 2147483647;
			files = (
				002C43FD1D6C444000EE363D /* ViewController.m in Sources */,
				00F917FC1D6D4E37005D58E2 /* CurvePart.m in Sources */,
				002C44171D6C4EB100EE363D /* ClipImage.m in Sources */,
				002C44141D6C4AA300EE363D /* CombineImage.m in Sources */,
				00F917F91D6D3E5E005D58E2 /* PartWithBeeline.m in Sources */,
				00F918051D6D814F005D58E2 /* IrregularClip.m in Sources */,
				002C43FA1D6C444000EE363D /* AppDelegate.m in Sources */,
				00F918021D6D7A16005D58E2 /* PinScale.m in Sources */,
				002C43F71D6C444000EE363D /* main.m in Sources */,
				00F917FF1D6D7704005D58E2 /* ScrollScale.m in Sources */,
			);
			runOnlyForDeploymentPostprocessing = 0;
		};
/* End PBXSourcesBuildPhase section */

/* Begin PBXVariantGroup section */
		002C43FE1D6C444000EE363D /* Main.storyboard */ = {
			isa = PBXVariantGroup;
			children = (
				002C43FF1D6C444000EE363D /* Base */,
			);
			name = Main.storyboard;
			sourceTree = "<group>";
		};
		002C44031D6C444000EE363D /* LaunchScreen.storyboard */ = {
			isa = PBXVariantGroup;
			children = (
				002C44041D6C444000EE363D /* Base */,
			);
			name = LaunchScreen.storyboard;
			sourceTree = "<group>";
		};
/* End PBXVariantGroup section */

/* Begin XCBuildConfiguration section */
		002C44071D6C444000EE363D /* Debug */ = {
			isa = XCBuildConfiguration;
			buildSettings = {
				ALWAYS_SEARCH_USER_PATHS = NO;
				CLANG_ANALYZER_NONNULL = YES;
				CLANG_CXX_LANGUAGE_STANDARD = "gnu++0x";
				CLANG_CXX_LIBRARY = "libc++";
				CLANG_ENABLE_MODULES = YES;
				CLANG_ENABLE_OBJC_ARC = YES;
				CLANG_WARN_BOOL_CONVERSION = YES;
				CLANG_WARN_CONSTANT_CONVERSION = YES;
				CLANG_WARN_DIRECT_OBJC_ISA_USAGE = YES_ERROR;
				CLANG_WARN_EMPTY_BODY = YES;
				CLANG_WARN_ENUM_CONVERSION = YES;
				CLANG_WARN_INT_CONVERSION = YES;
				CLANG_WARN_OBJC_ROOT_CLASS = YES_ERROR;
				CLANG_WARN_UNREACHABLE_CODE = YES;
				CLANG_WARN__DUPLICATE_METHOD_MATCH = YES;
				"CODE_SIGN_IDENTITY[sdk=iphoneos*]" = "iPhone Developer";
				COPY_PHASE_STRIP = NO;
				DEBUG_INFORMATION_FORMAT = dwarf;
				ENABLE_STRICT_OBJC_MSGSEND = YES;
				ENABLE_TESTABILITY = YES;
				GCC_C_LANGUAGE_STANDARD = gnu99;
				GCC_DYNAMIC_NO_PIC = NO;
				GCC_NO_COMMON_BLOCKS = YES;
				GCC_OPTIMIZATION_LEVEL = 0;
				GCC_PREPROCESSOR_DEFINITIONS = (
					"DEBUG=1",
					"$(inherited)",
				);
				GCC_WARN_64_TO_32_BIT_CONVERSION = YES;
				GCC_WARN_ABOUT_RETURN_TYPE = YES_ERROR;
				GCC_WARN_UNDECLARED_SELECTOR = YES;
				GCC_WARN_UNINITIALIZED_AUTOS = YES_AGGRESSIVE;
				GCC_WARN_UNUSED_FUNCTION = YES;
				GCC_WARN_UNUSED_VARIABLE = YES;
				IPHONEOS_DEPLOYMENT_TARGET = 9.3;
				MTL_ENABLE_DEBUG_INFO = YES;
				ONLY_ACTIVE_ARCH = YES;
				SDKROOT = iphoneos;
			};
			name = Debug;
		};
		002C44081D6C444000EE363D /* Release */ = {
			isa = XCBuildConfiguration;
			buildSettings = {
				ALWAYS_SEARCH_USER_PATHS = NO;
				CLANG_ANALYZER_NONNULL = YES;
				CLANG_CXX_LANGUAGE_STANDARD = "gnu++0x";
				CLANG_CXX_LIBRARY = "libc++";
				CLANG_ENABLE_MODULES = YES;
				CLANG_ENABLE_OBJC_ARC = YES;
				CLANG_WARN_BOOL_CONVERSION = YES;
				CLANG_WARN_CONSTANT_CONVERSION = YES;
				CLANG_WARN_DIRECT_OBJC_ISA_USAGE = YES_ERROR;
				CLANG_WARN_EMPTY_BODY = YES;
				CLANG_WARN_ENUM_CONVERSION = YES;
				CLANG_WARN_INT_CONVERSION = YES;
				CLANG_WARN_OBJC_ROOT_CLASS = YES_ERROR;
				CLANG_WARN_UNREACHABLE_CODE = YES;
				CLANG_WARN__DUPLICATE_METHOD_MATCH = YES;
				"CODE_SIGN_IDENTITY[sdk=iphoneos*]" = "iPhone Developer";
				COPY_PHASE_STRIP = NO;
				DEBUG_INFORMATION_FORMAT = "dwarf-with-dsym";
				ENABLE_NS_ASSERTIONS = NO;
				ENABLE_STRICT_OBJC_MSGSEND = YES;
				GCC_C_LANGUAGE_STANDARD = gnu99;
				GCC_NO_COMMON_BLOCKS = YES;
				GCC_WARN_64_TO_32_BIT_CONVERSION = YES;
				GCC_WARN_ABOUT_RETURN_TYPE = YES_ERROR;
				GCC_WARN_UNDECLARED_SELECTOR = YES;
				GCC_WARN_UNINITIALIZED_AUTOS = YES_AGGRESSIVE;
				GCC_WARN_UNUSED_FUNCTION = YES;
				GCC_WARN_UNUSED_VARIABLE = YES;
				IPHONEOS_DEPLOYMENT_TARGET = 9.3;
				MTL_ENABLE_DEBUG_INFO = NO;
				SDKROOT = iphoneos;
				VALIDATE_PRODUCT = YES;
			};
			name = Release;
		};
		002C440A1D6C444000EE363D /* Debug */ = {
			isa = XCBuildConfiguration;
			buildSettings = {
				ASSETCATALOG_COMPILER_APPICON_NAME = AppIcon;
				INFOPLIST_FILE = CCPImage/Info.plist;
				IPHONEOS_DEPLOYMENT_TARGET = 8.0;
				LD_RUNPATH_SEARCH_PATHS = "$(inherited) @executable_path/Frameworks";
				PRODUCT_BUNDLE_IDENTIFIER = CCP.CCPImage;
				PRODUCT_NAME = "$(TARGET_NAME)";
			};
			name = Debug;
		};
		002C440B1D6C444000EE363D /* Release */ = {
			isa = XCBuildConfiguration;
			buildSettings = {
				ASSETCATALOG_COMPILER_APPICON_NAME = AppIcon;
				INFOPLIST_FILE = CCPImage/Info.plist;
				IPHONEOS_DEPLOYMENT_TARGET = 8.0;
				LD_RUNPATH_SEARCH_PATHS = "$(inherited) @executable_path/Frameworks";
				PRODUCT_BUNDLE_IDENTIFIER = CCP.CCPImage;
				PRODUCT_NAME = "$(TARGET_NAME)";
			};
			name = Release;
		};
/* End XCBuildConfiguration section */

/* Begin XCConfigurationList section */
		002C43ED1D6C444000EE363D /* Build configuration list for PBXProject "CCPImage" */ = {
			isa = XCConfigurationList;
			buildConfigurations = (
				002C44071D6C444000EE363D /* Debug */,
				002C44081D6C444000EE363D /* Release */,
			);
			defaultConfigurationIsVisible = 0;
			defaultConfigurationName = Release;
		};
		002C44091D6C444000EE363D /* Build configuration list for PBXNativeTarget "CCPImage" */ = {
			isa = XCConfigurationList;
			buildConfigurations = (
				002C440A1D6C444000EE363D /* Debug */,
				002C440B1D6C444000EE363D /* Release */,
			);
			defaultConfigurationIsVisible = 0;
			defaultConfigurationName = Release;
		};
/* End XCConfigurationList section */
	};
	rootObject = 002C43EA1D6C444000EE363D /* Project object */;
}
